
Microsoft Visual Studio Solution File, Format Version 12.00
# Visual Studio Version 17
VisualStudioVersion = 17.0.31903.59
MinimumVisualStudioVersion = 10.0.40219.1
Project("{9A19103F-16F7-4668-BE54-9A1E7A4F7556}") = "DoublyLinkedList", "..\data-structures\02-linked-lists\list-implementations\02-doubly-linked-list\C#\DoublyLinkedList.csproj", "{192BB635-4FEA-4B43-9470-472A40952AD7}"
EndProject
Project("{9A19103F-16F7-4668-BE54-9A1E7A4F7556}") = "DataStructures_Library", "..\misc\libs\DataStructures_Library\DataStructures_Library.csproj", "{4D9A143B-61B2-40FE-A4DA-E0E9F02CD3A7}"
EndProject
Project("{FAE04EC0-301F-11D3-BF4B-00C04F79EFBC}") = "SinglyLinkedList", "..\data-structures\02-linked-lists\list-implementations\01-singly-linked\C#\SinglyLinkedList.csproj", "{FFF6D59C-DBE8-4402-B32C-182C57DAB8A3}"
EndProject
Project("{FAE04EC0-301F-11D3-BF4B-00C04F79EFBC}") = "SinglyLinkedList_Test", "..\tests\SinglyLinkedList_Test\SinglyLinkedList_Test.csproj", "{2667818E-CBA6-4E92-ABEF-E7B0D19774DE}"
EndProject
Global
	GlobalSection(SolutionConfigurationPlatforms) = preSolution
		Debug|Any CPU = Debug|Any CPU
		Release|Any CPU = Release|Any CPU
	EndGlobalSection
	GlobalSection(ProjectConfigurationPlatforms) = postSolution
		{192BB635-4FEA-4B43-9470-472A40952AD7}.Debug|Any CPU.ActiveCfg = Debug|Any CPU
		{192BB635-4FEA-4B43-9470-472A40952AD7}.Debug|Any CPU.Build.0 = Debug|Any CPU
		{192BB635-4FEA-4B43-9470-472A40952AD7}.Release|Any CPU.ActiveCfg = Release|Any CPU
		{192BB635-4FEA-4B43-9470-472A40952AD7}.Release|Any CPU.Build.0 = Release|Any CPU
		{4D9A143B-61B2-40FE-A4DA-E0E9F02CD3A7}.Debug|Any CPU.ActiveCfg = Debug|Any CPU
		{4D9A143B-61B2-40FE-A4DA-E0E9F02CD3A7}.Debug|Any CPU.Build.0 = Debug|Any CPU
		{4D9A143B-61B2-40FE-A4DA-E0E9F02CD3A7}.Release|Any CPU.ActiveCfg = Release|Any CPU
		{4D9A143B-61B2-40FE-A4DA-E0E9F02CD3A7}.Release|Any CPU.Build.0 = Release|Any CPU
		{FFF6D59C-DBE8-4402-B32C-182C57DAB8A3}.Debug|Any CPU.ActiveCfg = Debug|Any CPU
		{FFF6D59C-DBE8-4402-B32C-182C57DAB8A3}.Debug|Any CPU.Build.0 = Debug|Any CPU
		{FFF6D59C-DBE8-4402-B32C-182C57DAB8A3}.Release|Any CPU.ActiveCfg = Release|Any CPU
		{FFF6D59C-DBE8-4402-B32C-182C57DAB8A3}.Release|Any CPU.Build.0 = Release|Any CPU
		{2667818E-CBA6-4E92-ABEF-E7B0D19774DE}.Debug|Any CPU.ActiveCfg = Debug|Any CPU
		{2667818E-CBA6-4E92-ABEF-E7B0D19774DE}.Debug|Any CPU.Build.0 = Debug|Any CPU
		{2667818E-CBA6-4E92-ABEF-E7B0D19774DE}.Release|Any CPU.ActiveCfg = Release|Any CPU
		{2667818E-CBA6-4E92-ABEF-E7B0D19774DE}.Release|Any CPU.Build.0 = Release|Any CPU
	EndGlobalSection
	GlobalSection(SolutionProperties) = preSolution
		HideSolutionNode = FALSE
	EndGlobalSection
	GlobalSection(ExtensibilityGlobals) = postSolution
		SolutionGuid = {FF7F24CF-D202-4327-9C38-B598DCEB4B28}
	EndGlobalSection
EndGlobal
