
Microsoft Visual Studio Solution File, Format Version 12.00
# Visual Studio Version 17
VisualStudioVersion = 17.0.31903.59
MinimumVisualStudioVersion = 10.0.40219.1
Project("{FAE04EC0-301F-11D3-BF4B-00C04F79EFBC}") = "SinglyLinkedList", "..\data-structures\02-linked-lists\list-implementations\01-singly-linked\C#\SinglyLinkedList.csproj", "{7191E35A-D3EB-4A33-A055-6C27ADA41E1B}"
EndProject
Project("{FAE04EC0-301F-11D3-BF4B-00C04F79EFBC}") = "DoublyLinkedList", "..\data-structures\02-linked-lists\list-implementations\02-doubly-linked-list\C#\DoublyLinkedList.csproj", "{192BB635-4FEA-4B43-9470-472A40952AD7}"
EndProject
Global
	GlobalSection(SolutionConfigurationPlatforms) = preSolution
		Debug|Any CPU = Debug|Any CPU
		Release|Any CPU = Release|Any CPU
	EndGlobalSection
	GlobalSection(SolutionProperties) = preSolution
		HideSolutionNode = FALSE
	EndGlobalSection
	GlobalSection(ProjectConfigurationPlatforms) = postSolution
		{7191E35A-D3EB-4A33-A055-6C27ADA41E1B}.Debug|Any CPU.ActiveCfg = Debug|Any CPU
		{7191E35A-D3EB-4A33-A055-6C27ADA41E1B}.Debug|Any CPU.Build.0 = Debug|Any CPU
		{7191E35A-D3EB-4A33-A055-6C27ADA41E1B}.Release|Any CPU.ActiveCfg = Release|Any CPU
		{7191E35A-D3EB-4A33-A055-6C27ADA41E1B}.Release|Any CPU.Build.0 = Release|Any CPU
		{192BB635-4FEA-4B43-9470-472A40952AD7}.Debug|Any CPU.ActiveCfg = Debug|Any CPU
		{192BB635-4FEA-4B43-9470-472A40952AD7}.Debug|Any CPU.Build.0 = Debug|Any CPU
		{192BB635-4FEA-4B43-9470-472A40952AD7}.Release|Any CPU.ActiveCfg = Release|Any CPU
		{192BB635-4FEA-4B43-9470-472A40952AD7}.Release|Any CPU.Build.0 = Release|Any CPU
	EndGlobalSection
EndGlobal
